
Microsoft Visual Studio Solution File, Format Version 12.00
# Visual Studio Version 17
VisualStudioVersion = 17.0.31903.59
MinimumVisualStudioVersion = 10.0.40219.1
Project("{FAE04EC0-301F-11D3-BF4B-00C04F79EFBC}") = "API", "API\API.csproj", "{DEFBBA82-70F4-4A38-9942-57E1EA33A847}"
EndProject
Global
	GlobalSection(SolutionConfigurationPlatforms) = preSolution
		Debug|Any CPU = Debug|Any CPU
		Release|Any CPU = Release|Any CPU
	EndGlobalSection
	GlobalSection(SolutionProperties) = preSolution
		HideSolutionNode = FALSE
	EndGlobalSection
	GlobalSection(ProjectConfigurationPlatforms) = postSolution
		{DEFBBA82-70F4-4A38-9942-57E1EA33A847}.Debug|Any CPU.ActiveCfg = Debug|Any CPU
		{DEFBBA82-70F4-4A38-9942-57E1EA33A847}.Debug|Any CPU.Build.0 = Debug|Any CPU
		{DEFBBA82-70F4-4A38-9942-57E1EA33A847}.Release|Any CPU.ActiveCfg = Release|Any CPU
		{DEFBBA82-70F4-4A38-9942-57E1EA33A847}.Release|Any CPU.Build.0 = Release|Any CPU
	EndGlobalSection
EndGlobal
